<?xml version="1.0" encoding="UTF-8" standalone="yes" ?>
<CodeBlocks_project_file>
	<FileVersion major="1" minor="6" />
	<Project>
		<Option title="FlappyBirdPhysicsless" />
		<Option execution_dir="/home/kamil/Desktop/SDL-SurvivalGame/FlappyBirdPhysicsless/" />
		<Option pch_mode="2" />
		<Option compiler="gcc" />
		<Build>
			<Target title="Debug">
				<Option output="bin/Debug/FlappyBirdPhysicsless" prefix_auto="1" extension_auto="1" />
				<Option object_output="obj/Debug/" />
				<Option type="1" />
				<Option compiler="gcc" />
				<Compiler>
					<Add option="-g" />
					<Add directory="include" />
				</Compiler>
			</Target>
			<Target title="Release">
				<Option output="bin/Release/FlappyBirdPhysicsless" prefix_auto="1" extension_auto="1" />
				<Option object_output="obj/Release/" />
				<Option type="1" />
				<Option compiler="gcc" />
				<Compiler>
					<Add option="-O2" />
					<Add directory="include" />
				</Compiler>
				<Linker>
					<Add option="-s" />
				</Linker>
			</Target>
		</Build>
		<Compiler>
			<Add option="-Wall" />
			<Add option="-fexceptions" />
		</Compiler>
		<Unit filename="Background.cpp" />
		<Unit filename="Background.h" />
		<Unit filename="Bird.cpp" />
		<Unit filename="Bird.h" />
		<Unit filename="Flower.cpp" />
		<Unit filename="Flower.h" />
		<Unit filename="ObjetoMovible.h" />
		<Unit filename="RegularTexture.cpp" />
		<Unit filename="RegularTexture.h" />
		<Unit filename="Tubo.cpp" />
		<Unit filename="Tubo.h" />
		<Unit filename="ground.cpp" />
		<Unit filename="ground.h" />
		<Unit filename="include/Fireworks.h" />
		<Unit filename="main.cpp" />
		<Unit filename="src/Fireworks.cpp" />
		<Extensions>
			<code_completion />
			<debugger />
		</Extensions>
	</Project>
</CodeBlocks_project_file>
